
Microsoft Visual Studio Solution File, Format Version 12.00
# Visual Studio 15
VisualStudioVersion = 15.0.26124.0
MinimumVisualStudioVersion = 15.0.26124.0
Project("{2150E333-8FDC-42A3-9474-1A3956D46DE8}") = "src", "src", "{EB3E5461-6372-4BB8-BCDE-3302AE84BC39}"
EndProject
Project("{FAE04EC0-301F-11D3-BF4B-00C04F79EFBC}") = "gradebook", "src\gradebook\gradebook.csproj", "{48761E2F-ECF4-4932-8A7D-6F8068785972}"
EndProject
Project("{2150E333-8FDC-42A3-9474-1A3956D46DE8}") = "test", "test", "{21AFD0C9-0E1B-4947-9A1F-ABD02AF03BB8}"
EndProject
Project("{FAE04EC0-301F-11D3-BF4B-00C04F79EFBC}") = "GradeBook.Tests", "test\GradeBook.Tests\GradeBook.Tests.csproj", "{FC9FAE95-0FE4-4BBC-AC3E-D5BD4D176498}"
EndProject
Global
	GlobalSection(SolutionConfigurationPlatforms) = preSolution
		Debug|Any CPU = Debug|Any CPU
		Debug|x64 = Debug|x64
		Debug|x86 = Debug|x86
		Release|Any CPU = Release|Any CPU
		Release|x64 = Release|x64
		Release|x86 = Release|x86
	EndGlobalSection
	GlobalSection(SolutionProperties) = preSolution
		HideSolutionNode = FALSE
	EndGlobalSection
	GlobalSection(ProjectConfigurationPlatforms) = postSolution
		{48761E2F-ECF4-4932-8A7D-6F8068785972}.Debug|Any CPU.ActiveCfg = Debug|Any CPU
		{48761E2F-ECF4-4932-8A7D-6F8068785972}.Debug|Any CPU.Build.0 = Debug|Any CPU
		{48761E2F-ECF4-4932-8A7D-6F8068785972}.Debug|x64.ActiveCfg = Debug|Any CPU
		{48761E2F-ECF4-4932-8A7D-6F8068785972}.Debug|x64.Build.0 = Debug|Any CPU
		{48761E2F-ECF4-4932-8A7D-6F8068785972}.Debug|x86.ActiveCfg = Debug|Any CPU
		{48761E2F-ECF4-4932-8A7D-6F8068785972}.Debug|x86.Build.0 = Debug|Any CPU
		{48761E2F-ECF4-4932-8A7D-6F8068785972}.Release|Any CPU.ActiveCfg = Release|Any CPU
		{48761E2F-ECF4-4932-8A7D-6F8068785972}.Release|Any CPU.Build.0 = Release|Any CPU
		{48761E2F-ECF4-4932-8A7D-6F8068785972}.Release|x64.ActiveCfg = Release|Any CPU
		{48761E2F-ECF4-4932-8A7D-6F8068785972}.Release|x64.Build.0 = Release|Any CPU
		{48761E2F-ECF4-4932-8A7D-6F8068785972}.Release|x86.ActiveCfg = Release|Any CPU
		{48761E2F-ECF4-4932-8A7D-6F8068785972}.Release|x86.Build.0 = Release|Any CPU
		{FC9FAE95-0FE4-4BBC-AC3E-D5BD4D176498}.Debug|Any CPU.ActiveCfg = Debug|Any CPU
		{FC9FAE95-0FE4-4BBC-AC3E-D5BD4D176498}.Debug|Any CPU.Build.0 = Debug|Any CPU
		{FC9FAE95-0FE4-4BBC-AC3E-D5BD4D176498}.Debug|x64.ActiveCfg = Debug|Any CPU
		{FC9FAE95-0FE4-4BBC-AC3E-D5BD4D176498}.Debug|x64.Build.0 = Debug|Any CPU
		{FC9FAE95-0FE4-4BBC-AC3E-D5BD4D176498}.Debug|x86.ActiveCfg = Debug|Any CPU
		{FC9FAE95-0FE4-4BBC-AC3E-D5BD4D176498}.Debug|x86.Build.0 = Debug|Any CPU
		{FC9FAE95-0FE4-4BBC-AC3E-D5BD4D176498}.Release|Any CPU.ActiveCfg = Release|Any CPU
		{FC9FAE95-0FE4-4BBC-AC3E-D5BD4D176498}.Release|Any CPU.Build.0 = Release|Any CPU
		{FC9FAE95-0FE4-4BBC-AC3E-D5BD4D176498}.Release|x64.ActiveCfg = Release|Any CPU
		{FC9FAE95-0FE4-4BBC-AC3E-D5BD4D176498}.Release|x64.Build.0 = Release|Any CPU
		{FC9FAE95-0FE4-4BBC-AC3E-D5BD4D176498}.Release|x86.ActiveCfg = Release|Any CPU
		{FC9FAE95-0FE4-4BBC-AC3E-D5BD4D176498}.Release|x86.Build.0 = Release|Any CPU
	EndGlobalSection
	GlobalSection(NestedProjects) = preSolution
		{48761E2F-ECF4-4932-8A7D-6F8068785972} = {EB3E5461-6372-4BB8-BCDE-3302AE84BC39}
		{FC9FAE95-0FE4-4BBC-AC3E-D5BD4D176498} = {21AFD0C9-0E1B-4947-9A1F-ABD02AF03BB8}
	EndGlobalSection
EndGlobal
